
Microsoft Visual Studio Solution File, Format Version 12.00
# Visual Studio Version 17
VisualStudioVersion = 17.7.34024.191
MinimumVisualStudioVersion = 10.0.40219.1
Project("{8BC9CEB8-8B4A-11D0-8D11-00A0C91BC942}") = "Sandbox", "Sandbox\Sandbox.vcxproj", "{E8406EF7-E295-4594-A7DD-53CFB8D9B43C}"
EndProject
Project("{8BC9CEB8-8B4A-11D0-8D11-00A0C91BC942}") = "Saturn", "Saturn\Saturn.vcxproj", "{410B8EE2-0B78-412C-91C0-46DF28D4172F}"
EndProject
Global
	GlobalSection(SolutionConfigurationPlatforms) = preSolution
		Debug|x64 = Debug|x64
		Release|x64 = Release|x64
	EndGlobalSection
	GlobalSection(ProjectConfigurationPlatforms) = postSolution
		{410B8EE2-0B78-412C-91C0-46DF28D4172F}.Debug|x64.ActiveCfg = Debug|x64
		{410B8EE2-0B78-412C-91C0-46DF28D4172F}.Debug|x64.Build.0 = Debug|x64
		{410B8EE2-0B78-412C-91C0-46DF28D4172F}.Release|x64.ActiveCfg = Release|x64
		{410B8EE2-0B78-412C-91C0-46DF28D4172F}.Release|x64.Build.0 = Release|x64
		{E8406EF7-E295-4594-A7DD-53CFB8D9B43C}.Debug|x64.ActiveCfg = Debug|x64
		{E8406EF7-E295-4594-A7DD-53CFB8D9B43C}.Debug|x64.Build.0 = Debug|x64
		{E8406EF7-E295-4594-A7DD-53CFB8D9B43C}.Release|x64.ActiveCfg = Release|x64
		{E8406EF7-E295-4594-A7DD-53CFB8D9B43C}.Release|x64.Build.0 = Release|x64
	EndGlobalSection
	GlobalSection(SolutionProperties) = preSolution
		HideSolutionNode = FALSE
	EndGlobalSection
	GlobalSection(ExtensibilityGlobals) = postSolution
		SolutionGuid = {B92E7275-2BB3-4ADB-A0CA-AEAE079BFD5C}
	EndGlobalSection
EndGlobal
