<?xml version="1.0" encoding="utf-8"?>
<Project ToolsVersion="4.0" xmlns="http://schemas.microsoft.com/developer/msbuild/2003">
  <ItemGroup>
    <Filter Include="src">
      <UniqueIdentifier>{2DAB880B-99B4-887C-2230-9F7C8E38947C}</UniqueIdentifier>
    </Filter>
    <Filter Include="src\Platform">
      <UniqueIdentifier>{21CA02E5-0D2D-9289-B6B2-CA3FA2F45D0C}</UniqueIdentifier>
    </Filter>
    <Filter Include="src\Platform\OpenGL">
      <UniqueIdentifier>{35A49437-A105-7245-2A73-B8F796D3A804}</UniqueIdentifier>
    </Filter>
    <Filter Include="src\Platform\Windows">
      <UniqueIdentifier>{5B054582-4794-CE4B-F0B2-E246DC20DFF1}</UniqueIdentifier>
    </Filter>
    <Filter Include="src\Saturn">
      <UniqueIdentifier>{D9EFF62D-C5A7-387B-2EAF-11D71A86D36B}</UniqueIdentifier>
    </Filter>
    <Filter Include="src\Saturn\Camera">
      <UniqueIdentifier>{3116159C-9D2C-1332-E6A3-9E5352F9E3B9}</UniqueIdentifier>
    </Filter>
    <Filter Include="src\Saturn\Camera\Controllers">
      <UniqueIdentifier>{1766A5D1-837E-8CFB-4C2B-1C95B8022195}</UniqueIdentifier>
    </Filter>
    <Filter Include="src\Saturn\Common">
      <UniqueIdentifier>{F18E129D-5DA5-1033-A61C-9C541272E1BA}</UniqueIdentifier>
    </Filter>
    <Filter Include="src\Saturn\Core">
      <UniqueIdentifier>{D1E34CD6-3D6F-BA9A-4680-3D8FB28A169B}</UniqueIdentifier>
    </Filter>
    <Filter Include="src\Saturn\Debug">
      <UniqueIdentifier>{0FB9F59F-FBB1-14F2-24E4-F976103CF4FD}</UniqueIdentifier>
    </Filter>
    <Filter Include="src\Saturn\Events">
      <UniqueIdentifier>{9D2D37A2-0944-3538-52BB-C059BE1006C0}</UniqueIdentifier>
    </Filter>
    <Filter Include="src\Saturn\IO">
      <UniqueIdentifier>{E05EBC75-4C1F-38AC-155A-812981D97C88}</UniqueIdentifier>
    </Filter>
    <Filter Include="src\Saturn\ImGui">
      <UniqueIdentifier>{C32354A0-AF1C-73F2-D84E-5877C4A652FE}</UniqueIdentifier>
    </Filter>
    <Filter Include="src\Saturn\Input">
      <UniqueIdentifier>{985E55A0-8457-74F2-AD89-597799E153FE}</UniqueIdentifier>
    </Filter>
    <Filter Include="src\Saturn\Main">
      <UniqueIdentifier>{ED2252D6-59AE-BF9A-62BF-428FCEC91B9B}</UniqueIdentifier>
    </Filter>
    <Filter Include="src\Saturn\Rendering">
      <UniqueIdentifier>{661C377A-52AB-C043-FBC9-D43EE737D1E9}</UniqueIdentifier>
    </Filter>
    <Filter Include="src\Saturn\Shader">
      <UniqueIdentifier>{5FB1DFC1-CBC7-DD57-143F-69798094AEDF}</UniqueIdentifier>
    </Filter>
    <Filter Include="vendor">
      <UniqueIdentifier>{B3738122-9F15-ACF8-88D0-BF4C74113349}</UniqueIdentifier>
    </Filter>
    <Filter Include="vendor\stb">
      <UniqueIdentifier>{8BD3C5A8-778B-07F6-E092-E051CC69A2E6}</UniqueIdentifier>
    </Filter>
  </ItemGroup>
  <ItemGroup>
    <ClInclude Include="src\Platform\OpenGL\OpenGLBuffer.h">
      <Filter>src\Platform\OpenGL</Filter>
    </ClInclude>
    <ClInclude Include="src\Platform\OpenGL\OpenGLContext.h">
      <Filter>src\Platform\OpenGL</Filter>
    </ClInclude>
    <ClInclude Include="src\Platform\OpenGL\OpenGLRendererAPI.h">
      <Filter>src\Platform\OpenGL</Filter>
    </ClInclude>
    <ClInclude Include="src\Platform\OpenGL\OpenGLShader.h">
      <Filter>src\Platform\OpenGL</Filter>
    </ClInclude>
    <ClInclude Include="src\Platform\OpenGL\OpenGLTexture2D.h">
      <Filter>src\Platform\OpenGL</Filter>
    </ClInclude>
    <ClInclude Include="src\Platform\OpenGL\OpenGLVertexArray.h">
      <Filter>src\Platform\OpenGL</Filter>
    </ClInclude>
    <ClInclude Include="src\Platform\Windows\WindowsWindow.h">
      <Filter>src\Platform\Windows</Filter>
    </ClInclude>
    <ClInclude Include="src\Saturn.h">
      <Filter>src</Filter>
    </ClInclude>
    <ClInclude Include="src\Saturn\Camera\Controllers\OrthoCameraController.h">
      <Filter>src\Saturn\Camera\Controllers</Filter>
    </ClInclude>
    <ClInclude Include="src\Saturn\Camera\OrthoCamera.h">
      <Filter>src\Saturn\Camera</Filter>
    </ClInclude>
    <ClInclude Include="src\Saturn\Common\Types.h">
      <Filter>src\Saturn\Common</Filter>
    </ClInclude>
    <ClInclude Include="src\Saturn\Core\Application.h">
      <Filter>src\Saturn\Core</Filter>
    </ClInclude>
    <ClInclude Include="src\Saturn\Core\Core.h">
      <Filter>src\Saturn\Core</Filter>
    </ClInclude>
    <ClInclude Include="src\Saturn\Core\EntryPoint.h">
      <Filter>src\Saturn\Core</Filter>
    </ClInclude>
    <ClInclude Include="src\Saturn\Core\Time.h">
      <Filter>src\Saturn\Core</Filter>
    </ClInclude>
    <ClInclude Include="src\Saturn\Core\Window.h">
      <Filter>src\Saturn\Core</Filter>
    </ClInclude>
    <ClInclude Include="src\Saturn\Debug\Instrumentor.h">
      <Filter>src\Saturn\Debug</Filter>
    </ClInclude>
    <ClInclude Include="src\Saturn\Events\ApplicationEvent.h">
      <Filter>src\Saturn\Events</Filter>
    </ClInclude>
    <ClInclude Include="src\Saturn\Events\Event.h">
      <Filter>src\Saturn\Events</Filter>
    </ClInclude>
    <ClInclude Include="src\Saturn\Events\EventCategory.h">
      <Filter>src\Saturn\Events</Filter>
    </ClInclude>
    <ClInclude Include="src\Saturn\Events\EventType.h">
      <Filter>src\Saturn\Events</Filter>
    </ClInclude>
    <ClInclude Include="src\Saturn\Events\KeyEvent.h">
      <Filter>src\Saturn\Events</Filter>
    </ClInclude>
    <ClInclude Include="src\Saturn\Events\MouseEvent.h">
      <Filter>src\Saturn\Events</Filter>
    </ClInclude>
    <ClInclude Include="src\Saturn\IO\IO.h">
      <Filter>src\Saturn\IO</Filter>
    </ClInclude>
    <ClInclude Include="src\Saturn\IO\Log.h">
      <Filter>src\Saturn\IO</Filter>
    </ClInclude>
    <ClInclude Include="src\Saturn\ImGui\ImGuiLayer.h">
      <Filter>src\Saturn\ImGui</Filter>
    </ClInclude>
    <ClInclude Include="src\Saturn\Input\Input.h">
      <Filter>src\Saturn\Input</Filter>
    </ClInclude>
    <ClInclude Include="src\Saturn\Input\KeyCode.h">
      <Filter>src\Saturn\Input</Filter>
    </ClInclude>
    <ClInclude Include="src\Saturn\Input\MouseButton.h">
      <Filter>src\Saturn\Input</Filter>
    </ClInclude>
    <ClInclude Include="src\Saturn\Main\Layer.h">
      <Filter>src\Saturn\Main</Filter>
    </ClInclude>
    <ClInclude Include="src\Saturn\Main\LayerStack.h">
      <Filter>src\Saturn\Main</Filter>
    </ClInclude>
    <ClInclude Include="src\Saturn\Rendering\Buffer.h">
      <Filter>src\Saturn\Rendering</Filter>
    </ClInclude>
    <ClInclude Include="src\Saturn\Rendering\GraphicsContext.h">
      <Filter>src\Saturn\Rendering</Filter>
    </ClInclude>
    <ClInclude Include="src\Saturn\Rendering\Helper.h">
      <Filter>src\Saturn\Rendering</Filter>
    </ClInclude>
    <ClInclude Include="src\Saturn\Rendering\RenderCommand.h">
      <Filter>src\Saturn\Rendering</Filter>
    </ClInclude>
    <ClInclude Include="src\Saturn\Rendering\Renderer.h">
      <Filter>src\Saturn\Rendering</Filter>
    </ClInclude>
    <ClInclude Include="src\Saturn\Rendering\Renderer2D.h">
      <Filter>src\Saturn\Rendering</Filter>
    </ClInclude>
    <ClInclude Include="src\Saturn\Rendering\RendererAPI.h">
      <Filter>src\Saturn\Rendering</Filter>
    </ClInclude>
    <ClInclude Include="src\Saturn\Rendering\Texture.h">
      <Filter>src\Saturn\Rendering</Filter>
    </ClInclude>
    <ClInclude Include="src\Saturn\Rendering\Texture2D.h">
      <Filter>src\Saturn\Rendering</Filter>
    </ClInclude>
    <ClInclude Include="src\Saturn\Rendering\TransformationMatrix.h">
      <Filter>src\Saturn\Rendering</Filter>
    </ClInclude>
    <ClInclude Include="src\Saturn\Rendering\VertexArray.h">
      <Filter>src\Saturn\Rendering</Filter>
    </ClInclude>
    <ClInclude Include="src\Saturn\Shader\Shader.h">
      <Filter>src\Saturn\Shader</Filter>
    </ClInclude>
    <ClInclude Include="src\Saturn\Shader\ShaderLib.h">
      <Filter>src\Saturn\Shader</Filter>
    </ClInclude>
    <ClInclude Include="src\Saturn\Shader\ShaderPreprocessor.h">
      <Filter>src\Saturn\Shader</Filter>
    </ClInclude>
    <ClInclude Include="src\SaturnPch.h">
      <Filter>src</Filter>
    </ClInclude>
    <ClInclude Include="vendor\stb\stb_image.h">
      <Filter>vendor\stb</Filter>
    </ClInclude>
  </ItemGroup>
  <ItemGroup>
    <ClCompile Include="src\Platform\OpenGL\OpenGLBuffer.cpp">
      <Filter>src\Platform\OpenGL</Filter>
    </ClCompile>
    <ClCompile Include="src\Platform\OpenGL\OpenGLContext.cpp">
      <Filter>src\Platform\OpenGL</Filter>
    </ClCompile>
    <ClCompile Include="src\Platform\OpenGL\OpenGLRendererAPI.cpp">
      <Filter>src\Platform\OpenGL</Filter>
    </ClCompile>
    <ClCompile Include="src\Platform\OpenGL\OpenGLShader.cpp">
      <Filter>src\Platform\OpenGL</Filter>
    </ClCompile>
    <ClCompile Include="src\Platform\OpenGL\OpenGLTexture2D.cpp">
      <Filter>src\Platform\OpenGL</Filter>
    </ClCompile>
    <ClCompile Include="src\Platform\OpenGL\OpenGLVertexArray.cpp">
      <Filter>src\Platform\OpenGL</Filter>
    </ClCompile>
    <ClCompile Include="src\Platform\Windows\WindowsWindow.cpp">
      <Filter>src\Platform\Windows</Filter>
    </ClCompile>
    <ClCompile Include="src\Saturn\Camera\Controllers\OrthoCameraController.cpp">
      <Filter>src\Saturn\Camera\Controllers</Filter>
    </ClCompile>
    <ClCompile Include="src\Saturn\Camera\OrthoCamera.cpp">
      <Filter>src\Saturn\Camera</Filter>
    </ClCompile>
    <ClCompile Include="src\Saturn\Core\Application.cpp">
      <Filter>src\Saturn\Core</Filter>
    </ClCompile>
    <ClCompile Include="src\Saturn\IO\IO.cpp">
      <Filter>src\Saturn\IO</Filter>
    </ClCompile>
    <ClCompile Include="src\Saturn\IO\Log.cpp">
      <Filter>src\Saturn\IO</Filter>
    </ClCompile>
    <ClCompile Include="src\Saturn\ImGui\ImGuiBuild.cpp">
      <Filter>src\Saturn\ImGui</Filter>
    </ClCompile>
    <ClCompile Include="src\Saturn\ImGui\ImGuiLayer.cpp">
      <Filter>src\Saturn\ImGui</Filter>
    </ClCompile>
    <ClCompile Include="src\Saturn\Input\Input.cpp">
      <Filter>src\Saturn\Input</Filter>
    </ClCompile>
    <ClCompile Include="src\Saturn\Main\Layer.cpp">
      <Filter>src\Saturn\Main</Filter>
    </ClCompile>
    <ClCompile Include="src\Saturn\Main\LayerStack.cpp">
      <Filter>src\Saturn\Main</Filter>
    </ClCompile>
    <ClCompile Include="src\Saturn\Rendering\Buffer.cpp">
      <Filter>src\Saturn\Rendering</Filter>
    </ClCompile>
    <ClCompile Include="src\Saturn\Rendering\RenderCommand.cpp">
      <Filter>src\Saturn\Rendering</Filter>
    </ClCompile>
    <ClCompile Include="src\Saturn\Rendering\Renderer.cpp">
      <Filter>src\Saturn\Rendering</Filter>
    </ClCompile>
    <ClCompile Include="src\Saturn\Rendering\Renderer2D.cpp">
      <Filter>src\Saturn\Rendering</Filter>
    </ClCompile>
    <ClCompile Include="src\Saturn\Rendering\RendererAPI.cpp">
      <Filter>src\Saturn\Rendering</Filter>
    </ClCompile>
    <ClCompile Include="src\Saturn\Rendering\Texture.cpp">
      <Filter>src\Saturn\Rendering</Filter>
    </ClCompile>
    <ClCompile Include="src\Saturn\Rendering\Texture2D.cpp">
      <Filter>src\Saturn\Rendering</Filter>
    </ClCompile>
    <ClCompile Include="src\Saturn\Rendering\VertexArray.cpp">
      <Filter>src\Saturn\Rendering</Filter>
    </ClCompile>
    <ClCompile Include="src\Saturn\Shader\Shader.cpp">
      <Filter>src\Saturn\Shader</Filter>
    </ClCompile>
    <ClCompile Include="src\Saturn\Shader\ShaderLib.cpp">
      <Filter>src\Saturn\Shader</Filter>
    </ClCompile>
    <ClCompile Include="src\Saturn\Shader\ShaderPreprocessor.cpp">
      <Filter>src\Saturn\Shader</Filter>
    </ClCompile>
    <ClCompile Include="src\SaturnPch.cpp">
      <Filter>src</Filter>
    </ClCompile>
    <ClCompile Include="vendor\stb\stb_image.cpp">
      <Filter>vendor\stb</Filter>
    </ClCompile>
  </ItemGroup>
</Project>