<?xml version="1.0" encoding="utf-8"?>
<Project ToolsVersion="4.0" xmlns="http://schemas.microsoft.com/developer/msbuild/2003">
  <ItemGroup>
    <Filter Include="Platform">
      <UniqueIdentifier>{2AC788B4-1694-E3BF-3FAD-D1672BD9184E}</UniqueIdentifier>
    </Filter>
    <Filter Include="Platform\OpenGL">
      <UniqueIdentifier>{1E7D2C1D-8A08-9AE1-9319-1DD6FF23F6E1}</UniqueIdentifier>
    </Filter>
    <Filter Include="Platform\Windows">
      <UniqueIdentifier>{64FBD71A-50F4-F66C-7926-DCF1657ED678}</UniqueIdentifier>
    </Filter>
    <Filter Include="Saturn">
      <UniqueIdentifier>{A21698D0-8EB8-C2A6-7773-D6FA63B449F7}</UniqueIdentifier>
    </Filter>
    <Filter Include="Saturn\Events">
      <UniqueIdentifier>{46B8012B-B278-7D61-7BB3-C6DEE732C23D}</UniqueIdentifier>
    </Filter>
    <Filter Include="Saturn\IO">
      <UniqueIdentifier>{09FD0136-7567-B6AC-BEA5-67522A4F9401}</UniqueIdentifier>
    </Filter>
    <Filter Include="Saturn\ImGui">
      <UniqueIdentifier>{4C7D338D-38E0-C231-E165-FBE7CDA78EB4}</UniqueIdentifier>
    </Filter>
    <Filter Include="Saturn\Rendering">
      <UniqueIdentifier>{6F12CA12-5B0B-E964-843D-CEE97095C870}</UniqueIdentifier>
    </Filter>
  </ItemGroup>
  <ItemGroup>
    <ClInclude Include="src\Platform\OpenGL\OpenGLContext.h">
      <Filter>Platform\OpenGL</Filter>
    </ClInclude>
    <ClInclude Include="src\Platform\Windows\WindowsInput.h">
      <Filter>Platform\Windows</Filter>
    </ClInclude>
    <ClInclude Include="src\Platform\Windows\WindowsWindow.h">
      <Filter>Platform\Windows</Filter>
    </ClInclude>
    <ClInclude Include="src\Saturn.h" />
    <ClInclude Include="src\Saturn\Application.h">
      <Filter>Saturn</Filter>
    </ClInclude>
    <ClInclude Include="src\Saturn\Core.h">
      <Filter>Saturn</Filter>
    </ClInclude>
    <ClInclude Include="src\Saturn\EntryPoint.h">
      <Filter>Saturn</Filter>
    </ClInclude>
    <ClInclude Include="src\Saturn\Events\ApplicationEvent.h">
      <Filter>Saturn\Events</Filter>
    </ClInclude>
    <ClInclude Include="src\Saturn\Events\Event.h">
      <Filter>Saturn\Events</Filter>
    </ClInclude>
    <ClInclude Include="src\Saturn\Events\EventCategory.h">
      <Filter>Saturn\Events</Filter>
    </ClInclude>
    <ClInclude Include="src\Saturn\Events\EventType.h">
      <Filter>Saturn\Events</Filter>
    </ClInclude>
    <ClInclude Include="src\Saturn\Events\KeyEvent.h">
      <Filter>Saturn\Events</Filter>
    </ClInclude>
    <ClInclude Include="src\Saturn\Events\MouseEvent.h">
      <Filter>Saturn\Events</Filter>
    </ClInclude>
    <ClInclude Include="src\Saturn\IO\IO.h">
      <Filter>Saturn\IO</Filter>
    </ClInclude>
    <ClInclude Include="src\Saturn\ImGui\ImGuiLayer.h">
      <Filter>Saturn\ImGui</Filter>
    </ClInclude>
    <ClInclude Include="src\Saturn\Input.h">
      <Filter>Saturn</Filter>
    </ClInclude>
    <ClInclude Include="src\Saturn\KeyCode.h">
      <Filter>Saturn</Filter>
    </ClInclude>
    <ClInclude Include="src\Saturn\Layer.h">
      <Filter>Saturn</Filter>
    </ClInclude>
    <ClInclude Include="src\Saturn\LayerStack.h">
      <Filter>Saturn</Filter>
    </ClInclude>
    <ClInclude Include="src\Saturn\Log.h">
      <Filter>Saturn</Filter>
    </ClInclude>
    <ClInclude Include="src\Saturn\MouseButton.h">
      <Filter>Saturn</Filter>
    </ClInclude>
    <ClInclude Include="src\Saturn\Rendering\Shader.h">
      <Filter>Saturn\Rendering</Filter>
    </ClInclude>
    <ClInclude Include="src\Saturn\Types.h">
      <Filter>Saturn</Filter>
    </ClInclude>
    <ClInclude Include="src\Saturn\Window.h">
      <Filter>Saturn</Filter>
    </ClInclude>
    <ClInclude Include="src\saturnpch.h" />
    <ClInclude Include="src\Platform\OpenGL\OpenGLBuffer.h" />
    <ClInclude Include="src\Saturn\Rendering\Buffer.h" />
    <ClInclude Include="src\Saturn\Rendering\GraphicsContext.h" />
    <ClInclude Include="src\Saturn\Rendering\Renderer.h" />
    <ClInclude Include="src\Saturn\Rendering\VertexArray.h" />
    <ClInclude Include="src\Platform\OpenGL\OpenGLVertexArray.h" />
  </ItemGroup>
  <ItemGroup>
    <ClCompile Include="src\Platform\OpenGL\OpenGLContext.cpp">
      <Filter>Platform\OpenGL</Filter>
    </ClCompile>
    <ClCompile Include="src\Platform\Windows\WindowsInput.cpp">
      <Filter>Platform\Windows</Filter>
    </ClCompile>
    <ClCompile Include="src\Platform\Windows\WindowsWindow.cpp">
      <Filter>Platform\Windows</Filter>
    </ClCompile>
    <ClCompile Include="src\Saturn\Application.cpp">
      <Filter>Saturn</Filter>
    </ClCompile>
    <ClCompile Include="src\Saturn\IO\IO.cpp">
      <Filter>Saturn\IO</Filter>
    </ClCompile>
    <ClCompile Include="src\Saturn\ImGui\ImGuiBuild.cpp">
      <Filter>Saturn\ImGui</Filter>
    </ClCompile>
    <ClCompile Include="src\Saturn\ImGui\ImGuiLayer.cpp">
      <Filter>Saturn\ImGui</Filter>
    </ClCompile>
    <ClCompile Include="src\Saturn\Input.cpp">
      <Filter>Saturn</Filter>
    </ClCompile>
    <ClCompile Include="src\Saturn\Layer.cpp">
      <Filter>Saturn</Filter>
    </ClCompile>
    <ClCompile Include="src\Saturn\LayerStack.cpp">
      <Filter>Saturn</Filter>
    </ClCompile>
    <ClCompile Include="src\Saturn\Log.cpp">
      <Filter>Saturn</Filter>
    </ClCompile>
    <ClCompile Include="src\Saturn\Rendering\Shader.cpp">
      <Filter>Saturn\Rendering</Filter>
    </ClCompile>
    <ClCompile Include="src\saturnpch.cpp" />
    <ClCompile Include="src\Platform\OpenGL\OpenGLBuffer.cpp" />
    <ClCompile Include="src\Saturn\Rendering\Buffer.cpp" />
    <ClCompile Include="src\Saturn\Rendering\Renderer.cpp" />
    <ClCompile Include="src\Saturn\Rendering\VertexArray.cpp" />
    <ClCompile Include="src\Platform\OpenGL\OpenGLVertexArray.cpp" />
  </ItemGroup>
</Project>