<?xml version="1.0" encoding="utf-8"?>
<Project ToolsVersion="4.0" xmlns="http://schemas.microsoft.com/developer/msbuild/2003">
  <ItemGroup>
    <Filter Include="Saturn">
      <UniqueIdentifier>{A21698D0-8EB8-C2A6-7773-D6FA63B449F7}</UniqueIdentifier>
    </Filter>
  </ItemGroup>
  <ItemGroup>
    <ClInclude Include="src\Saturn.h" />
    <ClInclude Include="src\Saturn\Application.h">
      <Filter>Saturn</Filter>
    </ClInclude>
    <ClInclude Include="src\Saturn\Core.h">
      <Filter>Saturn</Filter>
    </ClInclude>
    <ClInclude Include="src\Saturn\EntryPoint.h">
      <Filter>Saturn</Filter>
    </ClInclude>
    <ClInclude Include="src\Saturn\Log.h">
      <Filter>Saturn</Filter>
    </ClInclude>
  </ItemGroup>
  <ItemGroup>
    <ClCompile Include="src\Saturn\Application.cpp">
      <Filter>Saturn</Filter>
    </ClCompile>
    <ClCompile Include="src\Saturn\Log.cpp">
      <Filter>Saturn</Filter>
    </ClCompile>
  </ItemGroup>
</Project>